{
  "name": "VIT",
  "lockfileVersion": 3,
  "requires": true,
  "packages": {
    "": {
      "dependencies": {
        "vit": "^0.0.1"
      }
    },
    "node_modules/vit": {
      "version": "0.0.1",
      "resolved": "https://registry.npmjs.org/vit/-/vit-0.0.1.tgz",
      "integrity": "sha512-7FIUITlQv8z97LdAryb8LrvE8Y+A/8qAfCLpC+u+UEwZyV2tI34p5yM3+lWIzaGVuwR+6DI9jnOxJTFx0QUxYQ==",
      "license": "MIT"
    }
  }
}
